
Microsoft Visual Studio Solution File, Format Version 12.00
# Visual Studio Version 16
VisualStudioVersion = 16.0.30204.135
MinimumVisualStudioVersion = 10.0.40219.1
Project("{FAE04EC0-301F-11D3-BF4B-00C04F79EFBC}") = "ConsoleApps", "ConsoleApps\ConsoleApps.csproj", "{0ADE2A4D-5BF6-4F2E-B74F-B77B05178DD9}"
EndProject
Project("{FAE04EC0-301F-11D3-BF4B-00C04F79EFBC}") = "LoopApp", "LoopApp\LoopApp.csproj", "{F9743E69-388C-4D0D-A385-45CE3C1C5FE6}"
EndProject
Project("{FAE04EC0-301F-11D3-BF4B-00C04F79EFBC}") = "WhileLoopApp", "WhileLoopApp\WhileLoopApp.csproj", "{234C0E9A-DEFF-4121-9941-614C644D885D}"
EndProject
Project("{FAE04EC0-301F-11D3-BF4B-00C04F79EFBC}") = "WriteToFileApp", "WriteToFileApp\WriteToFileApp.csproj", "{C312F35B-3290-4602-B6D2-DD3E727FCB2A}"
EndProject
Project("{FAE04EC0-301F-11D3-BF4B-00C04F79EFBC}") = "Strings", "Strings\Strings.csproj", "{DC0B4883-1F95-481D-8DBC-CE3105A761B0}"
EndProject
Project("{FAE04EC0-301F-11D3-BF4B-00C04F79EFBC}") = "SearchStrings", "SearchStrings\SearchStrings.csproj", "{CFB0F58B-091B-4381-B186-8229A9387597}"
EndProject
Project("{FAE04EC0-301F-11D3-BF4B-00C04F79EFBC}") = "Math", "Math\Math.csproj", "{34F41BC3-22A5-4D47-B84F-B823CD028845}"
EndProject
Project("{FAE04EC0-301F-11D3-BF4B-00C04F79EFBC}") = "MathOrder", "MathOrder\MathOrder.csproj", "{75439ED6-F742-4070-ADAD-70A1BC8D400E}"
EndProject
Project("{FAE04EC0-301F-11D3-BF4B-00C04F79EFBC}") = "MathDoubles", "MathDoubles\MathDoubles.csproj", "{0D098C30-0027-44AA-85D3-9983A956A52B}"
EndProject
Project("{FAE04EC0-301F-11D3-BF4B-00C04F79EFBC}") = "MathDecimals", "MathDecimals\MathDecimals.csproj", "{42B667CF-63D0-407F-BF81-93FD1B169973}"
EndProject
Project("{9A19103F-16F7-4668-BE54-9A1E7A4F7556}") = "IfStatements", "IfStatements\IfStatements.csproj", "{A0587AA7-A3F8-4ADB-8745-39AF657B5C81}"
EndProject
Project("{9A19103F-16F7-4668-BE54-9A1E7A4F7556}") = "IfElse", "IfElse\IfElse.csproj", "{7E39A0E2-A578-441C-B71E-90D09934C327}"
EndProject
Project("{9A19103F-16F7-4668-BE54-9A1E7A4F7556}") = "WhileLoop", "WhileLoop\WhileLoop.csproj", "{56BDD6CD-4BD8-419C-B0B2-739BAFDD8E27}"
EndProject
Project("{9A19103F-16F7-4668-BE54-9A1E7A4F7556}") = "DoWhileLoop", "DoWhileLoop\DoWhileLoop.csproj", "{B487EF43-387A-4C64-A52A-0AB511CB4BED}"
EndProject
Project("{9A19103F-16F7-4668-BE54-9A1E7A4F7556}") = "ForLoop", "ForLoop\ForLoop.csproj", "{09FD43FC-99C3-4314-84A2-14AFFA9CCA7C}"
EndProject
Project("{9A19103F-16F7-4668-BE54-9A1E7A4F7556}") = "BranchesAndLoops", "BranchesAndLoops\BranchesAndLoops.csproj", "{D0373780-1BF9-4244-8C19-3F0A38E4A672}"
EndProject
Project("{9A19103F-16F7-4668-BE54-9A1E7A4F7556}") = "ListsAndCollections", "ListsAndCollections\ListsAndCollections.csproj", "{A7491E45-AF06-4E1A-A241-DC83D2BA9642}"
EndProject
Project("{FAE04EC0-301F-11D3-BF4B-00C04F79EFBC}") = "SortSearchIndex", "SortSearchIndex\SortSearchIndex.csproj", "{AC825BAE-FB77-4FCB-AFF2-362E60A14E5B}"
EndProject
Project("{FAE04EC0-301F-11D3-BF4B-00C04F79EFBC}") = "ListsOfOtherTypes", "ListsOfOtherTypes\ListsOfOtherTypes.csproj", "{158207E8-7CF0-47AD-96C8-AA762E2D422B}"
EndProject
Project("{FAE04EC0-301F-11D3-BF4B-00C04F79EFBC}") = "MySuperBank", "MySuperBank\MySuperBank.csproj", "{77A7A336-AECB-4A28-B8CA-2B6CB44BD843}"
EndProject
Global
	GlobalSection(SolutionConfigurationPlatforms) = preSolution
		Debug|Any CPU = Debug|Any CPU
		Release|Any CPU = Release|Any CPU
	EndGlobalSection
	GlobalSection(ProjectConfigurationPlatforms) = postSolution
		{0ADE2A4D-5BF6-4F2E-B74F-B77B05178DD9}.Debug|Any CPU.ActiveCfg = Debug|Any CPU
		{0ADE2A4D-5BF6-4F2E-B74F-B77B05178DD9}.Debug|Any CPU.Build.0 = Debug|Any CPU
		{0ADE2A4D-5BF6-4F2E-B74F-B77B05178DD9}.Release|Any CPU.ActiveCfg = Release|Any CPU
		{0ADE2A4D-5BF6-4F2E-B74F-B77B05178DD9}.Release|Any CPU.Build.0 = Release|Any CPU
		{F9743E69-388C-4D0D-A385-45CE3C1C5FE6}.Debug|Any CPU.ActiveCfg = Debug|Any CPU
		{F9743E69-388C-4D0D-A385-45CE3C1C5FE6}.Debug|Any CPU.Build.0 = Debug|Any CPU
		{F9743E69-388C-4D0D-A385-45CE3C1C5FE6}.Release|Any CPU.ActiveCfg = Release|Any CPU
		{F9743E69-388C-4D0D-A385-45CE3C1C5FE6}.Release|Any CPU.Build.0 = Release|Any CPU
		{234C0E9A-DEFF-4121-9941-614C644D885D}.Debug|Any CPU.ActiveCfg = Debug|Any CPU
		{234C0E9A-DEFF-4121-9941-614C644D885D}.Debug|Any CPU.Build.0 = Debug|Any CPU
		{234C0E9A-DEFF-4121-9941-614C644D885D}.Release|Any CPU.ActiveCfg = Release|Any CPU
		{234C0E9A-DEFF-4121-9941-614C644D885D}.Release|Any CPU.Build.0 = Release|Any CPU
		{C312F35B-3290-4602-B6D2-DD3E727FCB2A}.Debug|Any CPU.ActiveCfg = Debug|Any CPU
		{C312F35B-3290-4602-B6D2-DD3E727FCB2A}.Debug|Any CPU.Build.0 = Debug|Any CPU
		{C312F35B-3290-4602-B6D2-DD3E727FCB2A}.Release|Any CPU.ActiveCfg = Release|Any CPU
		{C312F35B-3290-4602-B6D2-DD3E727FCB2A}.Release|Any CPU.Build.0 = Release|Any CPU
		{DC0B4883-1F95-481D-8DBC-CE3105A761B0}.Debug|Any CPU.ActiveCfg = Debug|Any CPU
		{DC0B4883-1F95-481D-8DBC-CE3105A761B0}.Debug|Any CPU.Build.0 = Debug|Any CPU
		{DC0B4883-1F95-481D-8DBC-CE3105A761B0}.Release|Any CPU.ActiveCfg = Release|Any CPU
		{DC0B4883-1F95-481D-8DBC-CE3105A761B0}.Release|Any CPU.Build.0 = Release|Any CPU
		{CFB0F58B-091B-4381-B186-8229A9387597}.Debug|Any CPU.ActiveCfg = Debug|Any CPU
		{CFB0F58B-091B-4381-B186-8229A9387597}.Debug|Any CPU.Build.0 = Debug|Any CPU
		{CFB0F58B-091B-4381-B186-8229A9387597}.Release|Any CPU.ActiveCfg = Release|Any CPU
		{CFB0F58B-091B-4381-B186-8229A9387597}.Release|Any CPU.Build.0 = Release|Any CPU
		{34F41BC3-22A5-4D47-B84F-B823CD028845}.Debug|Any CPU.ActiveCfg = Debug|Any CPU
		{34F41BC3-22A5-4D47-B84F-B823CD028845}.Debug|Any CPU.Build.0 = Debug|Any CPU
		{34F41BC3-22A5-4D47-B84F-B823CD028845}.Release|Any CPU.ActiveCfg = Release|Any CPU
		{34F41BC3-22A5-4D47-B84F-B823CD028845}.Release|Any CPU.Build.0 = Release|Any CPU
		{75439ED6-F742-4070-ADAD-70A1BC8D400E}.Debug|Any CPU.ActiveCfg = Debug|Any CPU
		{75439ED6-F742-4070-ADAD-70A1BC8D400E}.Debug|Any CPU.Build.0 = Debug|Any CPU
		{75439ED6-F742-4070-ADAD-70A1BC8D400E}.Release|Any CPU.ActiveCfg = Release|Any CPU
		{75439ED6-F742-4070-ADAD-70A1BC8D400E}.Release|Any CPU.Build.0 = Release|Any CPU
		{0D098C30-0027-44AA-85D3-9983A956A52B}.Debug|Any CPU.ActiveCfg = Debug|Any CPU
		{0D098C30-0027-44AA-85D3-9983A956A52B}.Debug|Any CPU.Build.0 = Debug|Any CPU
		{0D098C30-0027-44AA-85D3-9983A956A52B}.Release|Any CPU.ActiveCfg = Release|Any CPU
		{0D098C30-0027-44AA-85D3-9983A956A52B}.Release|Any CPU.Build.0 = Release|Any CPU
		{42B667CF-63D0-407F-BF81-93FD1B169973}.Debug|Any CPU.ActiveCfg = Debug|Any CPU
		{42B667CF-63D0-407F-BF81-93FD1B169973}.Debug|Any CPU.Build.0 = Debug|Any CPU
		{42B667CF-63D0-407F-BF81-93FD1B169973}.Release|Any CPU.ActiveCfg = Release|Any CPU
		{42B667CF-63D0-407F-BF81-93FD1B169973}.Release|Any CPU.Build.0 = Release|Any CPU
		{A0587AA7-A3F8-4ADB-8745-39AF657B5C81}.Debug|Any CPU.ActiveCfg = Debug|Any CPU
		{A0587AA7-A3F8-4ADB-8745-39AF657B5C81}.Debug|Any CPU.Build.0 = Debug|Any CPU
		{A0587AA7-A3F8-4ADB-8745-39AF657B5C81}.Release|Any CPU.ActiveCfg = Release|Any CPU
		{A0587AA7-A3F8-4ADB-8745-39AF657B5C81}.Release|Any CPU.Build.0 = Release|Any CPU
		{7E39A0E2-A578-441C-B71E-90D09934C327}.Debug|Any CPU.ActiveCfg = Debug|Any CPU
		{7E39A0E2-A578-441C-B71E-90D09934C327}.Debug|Any CPU.Build.0 = Debug|Any CPU
		{7E39A0E2-A578-441C-B71E-90D09934C327}.Release|Any CPU.ActiveCfg = Release|Any CPU
		{7E39A0E2-A578-441C-B71E-90D09934C327}.Release|Any CPU.Build.0 = Release|Any CPU
		{56BDD6CD-4BD8-419C-B0B2-739BAFDD8E27}.Debug|Any CPU.ActiveCfg = Debug|Any CPU
		{56BDD6CD-4BD8-419C-B0B2-739BAFDD8E27}.Debug|Any CPU.Build.0 = Debug|Any CPU
		{56BDD6CD-4BD8-419C-B0B2-739BAFDD8E27}.Release|Any CPU.ActiveCfg = Release|Any CPU
		{56BDD6CD-4BD8-419C-B0B2-739BAFDD8E27}.Release|Any CPU.Build.0 = Release|Any CPU
		{B487EF43-387A-4C64-A52A-0AB511CB4BED}.Debug|Any CPU.ActiveCfg = Debug|Any CPU
		{B487EF43-387A-4C64-A52A-0AB511CB4BED}.Debug|Any CPU.Build.0 = Debug|Any CPU
		{B487EF43-387A-4C64-A52A-0AB511CB4BED}.Release|Any CPU.ActiveCfg = Release|Any CPU
		{B487EF43-387A-4C64-A52A-0AB511CB4BED}.Release|Any CPU.Build.0 = Release|Any CPU
		{09FD43FC-99C3-4314-84A2-14AFFA9CCA7C}.Debug|Any CPU.ActiveCfg = Debug|Any CPU
		{09FD43FC-99C3-4314-84A2-14AFFA9CCA7C}.Debug|Any CPU.Build.0 = Debug|Any CPU
		{09FD43FC-99C3-4314-84A2-14AFFA9CCA7C}.Release|Any CPU.ActiveCfg = Release|Any CPU
		{09FD43FC-99C3-4314-84A2-14AFFA9CCA7C}.Release|Any CPU.Build.0 = Release|Any CPU
		{D0373780-1BF9-4244-8C19-3F0A38E4A672}.Debug|Any CPU.ActiveCfg = Debug|Any CPU
		{D0373780-1BF9-4244-8C19-3F0A38E4A672}.Debug|Any CPU.Build.0 = Debug|Any CPU
		{D0373780-1BF9-4244-8C19-3F0A38E4A672}.Release|Any CPU.ActiveCfg = Release|Any CPU
		{D0373780-1BF9-4244-8C19-3F0A38E4A672}.Release|Any CPU.Build.0 = Release|Any CPU
		{A7491E45-AF06-4E1A-A241-DC83D2BA9642}.Debug|Any CPU.ActiveCfg = Debug|Any CPU
		{A7491E45-AF06-4E1A-A241-DC83D2BA9642}.Debug|Any CPU.Build.0 = Debug|Any CPU
		{A7491E45-AF06-4E1A-A241-DC83D2BA9642}.Release|Any CPU.ActiveCfg = Release|Any CPU
		{A7491E45-AF06-4E1A-A241-DC83D2BA9642}.Release|Any CPU.Build.0 = Release|Any CPU
		{AC825BAE-FB77-4FCB-AFF2-362E60A14E5B}.Debug|Any CPU.ActiveCfg = Debug|Any CPU
		{AC825BAE-FB77-4FCB-AFF2-362E60A14E5B}.Debug|Any CPU.Build.0 = Debug|Any CPU
		{AC825BAE-FB77-4FCB-AFF2-362E60A14E5B}.Release|Any CPU.ActiveCfg = Release|Any CPU
		{AC825BAE-FB77-4FCB-AFF2-362E60A14E5B}.Release|Any CPU.Build.0 = Release|Any CPU
		{158207E8-7CF0-47AD-96C8-AA762E2D422B}.Debug|Any CPU.ActiveCfg = Debug|Any CPU
		{158207E8-7CF0-47AD-96C8-AA762E2D422B}.Debug|Any CPU.Build.0 = Debug|Any CPU
		{158207E8-7CF0-47AD-96C8-AA762E2D422B}.Release|Any CPU.ActiveCfg = Release|Any CPU
		{158207E8-7CF0-47AD-96C8-AA762E2D422B}.Release|Any CPU.Build.0 = Release|Any CPU
		{77A7A336-AECB-4A28-B8CA-2B6CB44BD843}.Debug|Any CPU.ActiveCfg = Debug|Any CPU
		{77A7A336-AECB-4A28-B8CA-2B6CB44BD843}.Debug|Any CPU.Build.0 = Debug|Any CPU
		{77A7A336-AECB-4A28-B8CA-2B6CB44BD843}.Release|Any CPU.ActiveCfg = Release|Any CPU
		{77A7A336-AECB-4A28-B8CA-2B6CB44BD843}.Release|Any CPU.Build.0 = Release|Any CPU
	EndGlobalSection
	GlobalSection(SolutionProperties) = preSolution
		HideSolutionNode = FALSE
	EndGlobalSection
	GlobalSection(ExtensibilityGlobals) = postSolution
		SolutionGuid = {13B36B99-6200-4C3F-9B66-A8773D7C8673}
	EndGlobalSection
EndGlobal
